PODS:
  - FBSnapshotTestCase (2.1.4):
    - FBSnapshotTestCase/SwiftSupport (= 2.1.4)
  - FBSnapshotTestCase/Core (2.1.4)
  - FBSnapshotTestCase/SwiftSupport (2.1.4):
    - FBSnapshotTestCase/Core
  - khmerGraph (0.1.0)

DEPENDENCIES:
  - FBSnapshotTestCase
  - khmerGraph (from `../`)

EXTERNAL SOURCES:
  khmerGraph:
    :path: ../

SPEC CHECKSUMS:
  FBSnapshotTestCase: 094f9f314decbabe373b87cc339bea235a63e07a
  khmerGraph: f047d2a532a9987a5666e01cd8c9164e36bd4ee0

PODFILE CHECKSUM: a99051046e96c270aa198a87637a787848d09318

COCOAPODS: 1.2.1
